
Microsoft Visual Studio Solution File, Format Version 12.00
# Visual Studio 15
Project("{FAE04EC0-301F-11D3-BF4B-00C04F79EFBC}") = "SteamVR_Input_Editor", "SteamVR_Input_Editor.csproj", "{5A5426F8-7D44-5F17-30B2-E1EFBDB98D62}"
EndProject
Project("{FAE04EC0-301F-11D3-BF4B-00C04F79EFBC}") = "SteamVR", "SteamVR.csproj", "{F09F9BAD-C166-B64E-B427-55FE8D4CB489}"
EndProject
Project("{FAE04EC0-301F-11D3-BF4B-00C04F79EFBC}") = "SteamVR_Editor", "SteamVR_Editor.csproj", "{0F0C3D65-95C4-FA73-618B-2CD150337EE2}"
EndProject
Project("{FAE04EC0-301F-11D3-BF4B-00C04F79EFBC}") = "Assembly-CSharp-Editor", "Assembly-CSharp-Editor.csproj", "{66CA3F8F-3492-939A-A340-A494EFFF821F}"
EndProject
Project("{FAE04EC0-301F-11D3-BF4B-00C04F79EFBC}") = "Assembly-CSharp", "Assembly-CSharp.csproj", "{9FE6D9AD-460A-C280-5094-519109502F8A}"
EndProject
Project("{FAE04EC0-301F-11D3-BF4B-00C04F79EFBC}") = "SteamVR_Actions", "SteamVR_Actions.csproj", "{9E207435-6479-088B-9BE4-46526E18BD3C}"
EndProject
Project("{FAE04EC0-301F-11D3-BF4B-00C04F79EFBC}") = "SteamVR_Windows_EditorHelper", "SteamVR_Windows_EditorHelper.csproj", "{5644CA87-12C3-F969-6396-EC195EFB9F9E}"
EndProject
Global
	GlobalSection(SolutionConfigurationPlatforms) = preSolution
		Debug|Any CPU = Debug|Any CPU
		Release|Any CPU = Release|Any CPU
	EndGlobalSection
	GlobalSection(ProjectConfigurationPlatforms) = postSolution
		{5A5426F8-7D44-5F17-30B2-E1EFBDB98D62}.Debug|Any CPU.ActiveCfg = Debug|Any CPU
		{5A5426F8-7D44-5F17-30B2-E1EFBDB98D62}.Debug|Any CPU.Build.0 = Debug|Any CPU
		{5A5426F8-7D44-5F17-30B2-E1EFBDB98D62}.Release|Any CPU.ActiveCfg = Release|Any CPU
		{5A5426F8-7D44-5F17-30B2-E1EFBDB98D62}.Release|Any CPU.Build.0 = Release|Any CPU
		{F09F9BAD-C166-B64E-B427-55FE8D4CB489}.Debug|Any CPU.ActiveCfg = Debug|Any CPU
		{F09F9BAD-C166-B64E-B427-55FE8D4CB489}.Debug|Any CPU.Build.0 = Debug|Any CPU
		{F09F9BAD-C166-B64E-B427-55FE8D4CB489}.Release|Any CPU.ActiveCfg = Release|Any CPU
		{F09F9BAD-C166-B64E-B427-55FE8D4CB489}.Release|Any CPU.Build.0 = Release|Any CPU
		{0F0C3D65-95C4-FA73-618B-2CD150337EE2}.Debug|Any CPU.ActiveCfg = Debug|Any CPU
		{0F0C3D65-95C4-FA73-618B-2CD150337EE2}.Debug|Any CPU.Build.0 = Debug|Any CPU
		{0F0C3D65-95C4-FA73-618B-2CD150337EE2}.Release|Any CPU.ActiveCfg = Release|Any CPU
		{0F0C3D65-95C4-FA73-618B-2CD150337EE2}.Release|Any CPU.Build.0 = Release|Any CPU
		{66CA3F8F-3492-939A-A340-A494EFFF821F}.Debug|Any CPU.ActiveCfg = Debug|Any CPU
		{66CA3F8F-3492-939A-A340-A494EFFF821F}.Debug|Any CPU.Build.0 = Debug|Any CPU
		{66CA3F8F-3492-939A-A340-A494EFFF821F}.Release|Any CPU.ActiveCfg = Release|Any CPU
		{66CA3F8F-3492-939A-A340-A494EFFF821F}.Release|Any CPU.Build.0 = Release|Any CPU
		{9FE6D9AD-460A-C280-5094-519109502F8A}.Debug|Any CPU.ActiveCfg = Debug|Any CPU
		{9FE6D9AD-460A-C280-5094-519109502F8A}.Debug|Any CPU.Build.0 = Debug|Any CPU
		{9FE6D9AD-460A-C280-5094-519109502F8A}.Release|Any CPU.ActiveCfg = Release|Any CPU
		{9FE6D9AD-460A-C280-5094-519109502F8A}.Release|Any CPU.Build.0 = Release|Any CPU
		{9E207435-6479-088B-9BE4-46526E18BD3C}.Debug|Any CPU.ActiveCfg = Debug|Any CPU
		{9E207435-6479-088B-9BE4-46526E18BD3C}.Debug|Any CPU.Build.0 = Debug|Any CPU
		{9E207435-6479-088B-9BE4-46526E18BD3C}.Release|Any CPU.ActiveCfg = Release|Any CPU
		{9E207435-6479-088B-9BE4-46526E18BD3C}.Release|Any CPU.Build.0 = Release|Any CPU
		{5644CA87-12C3-F969-6396-EC195EFB9F9E}.Debug|Any CPU.ActiveCfg = Debug|Any CPU
		{5644CA87-12C3-F969-6396-EC195EFB9F9E}.Debug|Any CPU.Build.0 = Debug|Any CPU
		{5644CA87-12C3-F969-6396-EC195EFB9F9E}.Release|Any CPU.ActiveCfg = Release|Any CPU
		{5644CA87-12C3-F969-6396-EC195EFB9F9E}.Release|Any CPU.Build.0 = Release|Any CPU
	EndGlobalSection
	GlobalSection(SolutionProperties) = preSolution
		HideSolutionNode = FALSE
	EndGlobalSection
EndGlobal
